
Microsoft Visual Studio Solution File, Format Version 10.00
# Visual Studio 2008
Project("{FAE04EC0-301F-11D3-BF4B-00C04F79EFBC}") = "Emdee Five", "Emdee Five\Emdee Five.csproj", "{B0F7E8FE-7E87-49F4-B23A-ECB0A67D40EA}"
EndProject
Global
	GlobalSection(SolutionConfigurationPlatforms) = preSolution
		Debug|Any CPU = Debug|Any CPU
		Release|Any CPU = Release|Any CPU
	EndGlobalSection
	GlobalSection(ProjectConfigurationPlatforms) = postSolution
		{B0F7E8FE-7E87-49F4-B23A-ECB0A67D40EA}.Debug|Any CPU.ActiveCfg = Debug|Any CPU
		{B0F7E8FE-7E87-49F4-B23A-ECB0A67D40EA}.Debug|Any CPU.Build.0 = Debug|Any CPU
		{B0F7E8FE-7E87-49F4-B23A-ECB0A67D40EA}.Release|Any CPU.ActiveCfg = Release|Any CPU
		{B0F7E8FE-7E87-49F4-B23A-ECB0A67D40EA}.Release|Any CPU.Build.0 = Release|Any CPU
	EndGlobalSection
	GlobalSection(SolutionProperties) = preSolution
		HideSolutionNode = FALSE
	EndGlobalSection
EndGlobal
